
Microsoft Visual Studio Solution File, Format Version 12.00
# Visual Studio Version 17
VisualStudioVersion = 17.9.34622.214
MinimumVisualStudioVersion = 10.0.40219.1
Project("{FAE04EC0-301F-11D3-BF4B-00C04F79EFBC}") = "CRMDemo", "CRMDemo\CRMDemo.csproj", "{11010B9A-EA76-472B-B3E6-59E8FE59708C}"
EndProject
Global
	GlobalSection(SolutionConfigurationPlatforms) = preSolution
		Debug|Any CPU = Debug|Any CPU
		Release|Any CPU = Release|Any CPU
	EndGlobalSection
	GlobalSection(ProjectConfigurationPlatforms) = postSolution
		{11010B9A-EA76-472B-B3E6-59E8FE59708C}.Debug|Any CPU.ActiveCfg = Debug|Any CPU
		{11010B9A-EA76-472B-B3E6-59E8FE59708C}.Debug|Any CPU.Build.0 = Debug|Any CPU
		{11010B9A-EA76-472B-B3E6-59E8FE59708C}.Release|Any CPU.ActiveCfg = Release|Any CPU
		{11010B9A-EA76-472B-B3E6-59E8FE59708C}.Release|Any CPU.Build.0 = Release|Any CPU
	EndGlobalSection
	GlobalSection(SolutionProperties) = preSolution
		HideSolutionNode = FALSE
	EndGlobalSection
	GlobalSection(ExtensibilityGlobals) = postSolution
		SolutionGuid = {AB21FC70-F1E5-48C2-A4D3-6091DBEC3E64}
	EndGlobalSection
EndGlobal
